# This file is generated by running "yarn install" inside your project.
# Manual changes might be lost - proceed with caution!

__metadata:
  version: 8
  cacheKey: 10c0

"async@npm:0.9.0":
  version: 0.9.0
  resolution: "async@npm:0.9.0"
  checksum: 10c0/21c38f458e9495b47774b82b23818d21173851eb6070ffcbcee5c21b6850cadd721330ce92ce78924c6da07fd2bd588c76b495e22ff46ac1c887f90f6d94519f
  languageName: node
  linkType: hard

"colors@npm:1.0.3":
  version: 1.0.3
  resolution: "colors@npm:1.0.3"
  checksum: 10c0/f9e40dd8b3e1a65378a7ced3fced15ddfd60aaf38e99a7521a7fdb25056b15e092f651cd0f5aa1e9b04fa8ce3616d094e07fc6c2bb261e24098db1ddd3d09a1d
  languageName: node
  linkType: hard

"corser@npm:~2.0.0":
  version: 2.0.1
  resolution: "corser@npm:2.0.1"
  checksum: 10c0/1f319a752a560342dd22d936e5a4c158bfcbc332524ef5b05a7277236dad8b0b2868fd5cf818559f29954ec4d777d82e797fccd76601fcfe431610e4143c8acc
  languageName: node
  linkType: hard

"ecstatic@npm:^1.4.0":
  version: 1.4.1
  resolution: "ecstatic@npm:1.4.1"
  dependencies:
    he: "npm:^0.5.0"
    mime: "npm:^1.2.11"
    minimist: "npm:^1.1.0"
    url-join: "npm:^1.0.0"
  bin:
    ecstatic: ./lib/ecstatic.js
  checksum: 10c0/efe3cfc6aa860eeadf0ca9114e3dc12e545ebe7952b22c37c62a3f06a17308d94fa2766ea839d9663a305cf0ffcbea27e224001b8d69b74dcf45b2ab7b56cf64
  languageName: node
  linkType: hard

"eventemitter3@npm:^4.0.0":
  version: 4.0.7
  resolution: "eventemitter3@npm:4.0.7"
  checksum: 10c0/5f6d97cbcbac47be798e6355e3a7639a84ee1f7d9b199a07017f1d2f1e2fe236004d14fa5dfaeba661f94ea57805385e326236a6debbc7145c8877fbc0297c6b
  languageName: node
  linkType: hard

"follow-redirects@npm:^1.0.0":
  version: 1.15.9
  resolution: "follow-redirects@npm:1.15.9"
  peerDependenciesMeta:
    debug:
      optional: true
  checksum: 10c0/5829165bd112c3c0e82be6c15b1a58fa9dcfaede3b3c54697a82fe4a62dd5ae5e8222956b448d2f98e331525f05d00404aba7d696de9e761ef6e42fdc780244f
  languageName: node
  linkType: hard

"he@npm:^0.5.0":
  version: 0.5.0
  resolution: "he@npm:0.5.0"
  bin:
    he: bin/he
  checksum: 10c0/7cea1fb119d2b66baaa820d9a899491e2b2acf642b254e5730fc0f149fcbcfd9e37fad3445fbc25b6a0742303b9e5910b379ff9e235a5167e7a6bd75f9a20abc
  languageName: node
  linkType: hard

"http-proxy@npm:^1.8.1":
  version: 1.18.1
  resolution: "http-proxy@npm:1.18.1"
  dependencies:
    eventemitter3: "npm:^4.0.0"
    follow-redirects: "npm:^1.0.0"
    requires-port: "npm:^1.0.0"
  checksum: 10c0/148dfa700a03fb421e383aaaf88ac1d94521dfc34072f6c59770528c65250983c2e4ec996f2f03aa9f3fe46cd1270a593126068319311e3e8d9e610a37533e94
  languageName: node
  linkType: hard

"http-server@npm:^0.9.0":
  version: 0.9.0
  resolution: "http-server@npm:0.9.0"
  dependencies:
    colors: "npm:1.0.3"
    corser: "npm:~2.0.0"
    ecstatic: "npm:^1.4.0"
    http-proxy: "npm:^1.8.1"
    opener: "npm:~1.4.0"
    optimist: "npm:0.6.x"
    portfinder: "npm:0.4.x"
    union: "npm:~0.4.3"
  bin:
    hs: ./bin/http-server
    http-server: ./bin/http-server
  checksum: 10c0/d86d50ed400c11608743e1965b1941864dccae4746ed59e50252edd726141664f117926a30a037e861245f44ecb56043005b0c20b42bf751c0b9105e081ee89a
  languageName: node
  linkType: hard

"mime@npm:^1.2.11":
  version: 1.6.0
  resolution: "mime@npm:1.6.0"
  bin:
    mime: cli.js
  checksum: 10c0/b92cd0adc44888c7135a185bfd0dddc42c32606401c72896a842ae15da71eb88858f17669af41e498b463cd7eb998f7b48939a25b08374c7924a9c8a6f8a81b0
  languageName: node
  linkType: hard

"minimist@npm:^1.1.0, minimist@npm:^1.2.6":
  version: 1.2.8
  resolution: "minimist@npm:1.2.8"
  checksum: 10c0/19d3fcdca050087b84c2029841a093691a91259a47def2f18222f41e7645a0b7c44ef4b40e88a1e58a40c84d2ef0ee6047c55594d298146d0eb3f6b737c20ce6
  languageName: node
  linkType: hard

"minimist@npm:~0.0.1":
  version: 0.0.10
  resolution: "minimist@npm:0.0.10"
  checksum: 10c0/c505a020144b6e49f2b1c7d1e378f3692b7102e989b4a49338fc171eb4229ddddb430e779ff803dcb11854050e3fe3c2298962a7d73c20df7c2044c92b2ba1da
  languageName: node
  linkType: hard

"mkdirp@npm:0.5.x":
  version: 0.5.6
  resolution: "mkdirp@npm:0.5.6"
  dependencies:
    minimist: "npm:^1.2.6"
  bin:
    mkdirp: bin/cmd.js
  checksum: 10c0/e2e2be789218807b58abced04e7b49851d9e46e88a2f9539242cc8a92c9b5c3a0b9bab360bd3014e02a140fc4fbc58e31176c408b493f8a2a6f4986bd7527b01
  languageName: node
  linkType: hard

"opener@npm:~1.4.0":
  version: 1.4.3
  resolution: "opener@npm:1.4.3"
  bin:
    opener: opener.js
  checksum: 10c0/7d788c86b3356438926aa8c0c31307b6b2689ddfc6ddaf3bf5e70f541f04bd0c636076e22801e2f855f3e7127b84f16a6178377b8af4a94f745916cf152fc27e
  languageName: node
  linkType: hard

"optimist@npm:0.6.x":
  version: 0.6.1
  resolution: "optimist@npm:0.6.1"
  dependencies:
    minimist: "npm:~0.0.1"
    wordwrap: "npm:~0.0.2"
  checksum: 10c0/8cb417328121e732dbfb4d94d53bb39b1406446b55323ed4ce787decc52394927e051ba879eb3ffa3171fe22a35ce13b460114b60effcead77443ee87c2f9b0f
  languageName: node
  linkType: hard

"portfinder@npm:0.4.x":
  version: 0.4.0
  resolution: "portfinder@npm:0.4.0"
  dependencies:
    async: "npm:0.9.0"
    mkdirp: "npm:0.5.x"
  checksum: 10c0/9d80ee0e25c6e293e09135247e5430f591f8117a108a1ff85c37a8caa83cd05c349058b11cfa0d9a6b67b2088e9daed1ee880bc46db896573151aa9daa41ad66
  languageName: node
  linkType: hard

"pwa@workspace:.":
  version: 0.0.0-use.local
  resolution: "pwa@workspace:."
  dependencies:
    http-server: "npm:^0.9.0"
  languageName: unknown
  linkType: soft

"qs@npm:~2.3.3":
  version: 2.3.3
  resolution: "qs@npm:2.3.3"
  checksum: 10c0/4c02f03f77e50219799f52608dd72f57389ea364be499f5e8b02d505377cb93f6414239e00b3a7342b0d05a730ad85b3ffb5e7f0a5ba2f3d8ef7303283c01e17
  languageName: node
  linkType: hard

"requires-port@npm:^1.0.0":
  version: 1.0.0
  resolution: "requires-port@npm:1.0.0"
  checksum: 10c0/b2bfdd09db16c082c4326e573a82c0771daaf7b53b9ce8ad60ea46aa6e30aaf475fe9b164800b89f93b748d2c234d8abff945d2551ba47bf5698e04cd7713267
  languageName: node
  linkType: hard

"union@npm:~0.4.3":
  version: 0.4.6
  resolution: "union@npm:0.4.6"
  dependencies:
    qs: "npm:~2.3.3"
  checksum: 10c0/70eaa7b699052c91d94b1faa2da1218816ff882f6fd4e3e4fba497d7c0ea840b9d845889391480158fdb7c408fdb372231c59b5172664670952deaa8b741bc50
  languageName: node
  linkType: hard

"url-join@npm:^1.0.0":
  version: 1.1.0
  resolution: "url-join@npm:1.1.0"
  checksum: 10c0/813a22d0f91600e2f029f06018eb006e34607cf26d829bfdb3ec0650b3c16b94ca6303c1ce84997bd81534909b9460fa54d6be44c0751ff6a2c818ac9165bfb0
  languageName: node
  linkType: hard

"wordwrap@npm:~0.0.2":
  version: 0.0.3
  resolution: "wordwrap@npm:0.0.3"
  checksum: 10c0/b3b212f8b2167091f59bc60929ada2166eb157abb6c8c82e2a705fe5aa5876440c3966ab39eb6c7bcb2ff0ac0c8d9fba726a9c2057b83bd65cdc1858f9d816ce
  languageName: node
  linkType: hard
